
Microsoft Visual Studio Solution File, Format Version 12.00
# Visual Studio Version 16
VisualStudioVersion = 16.0.30104.148
MinimumVisualStudioVersion = 10.0.40219.1
Project("{FAE04EC0-301F-11D3-BF4B-00C04F79EFBC}") = "WebApplication1", "WebApplication1\WebApplication1.csproj", "{122FF4A7-CD41-4EF4-AB5B-03ECC025A30A}"
EndProject
Global
	GlobalSection(SolutionConfigurationPlatforms) = preSolution
		Debug|Any CPU = Debug|Any CPU
		Release|Any CPU = Release|Any CPU
	EndGlobalSection
	GlobalSection(ProjectConfigurationPlatforms) = postSolution
		{122FF4A7-CD41-4EF4-AB5B-03ECC025A30A}.Debug|Any CPU.ActiveCfg = Debug|Any CPU
		{122FF4A7-CD41-4EF4-AB5B-03ECC025A30A}.Debug|Any CPU.Build.0 = Debug|Any CPU
		{122FF4A7-CD41-4EF4-AB5B-03ECC025A30A}.Release|Any CPU.ActiveCfg = Release|Any CPU
		{122FF4A7-CD41-4EF4-AB5B-03ECC025A30A}.Release|Any CPU.Build.0 = Release|Any CPU
	EndGlobalSection
	GlobalSection(SolutionProperties) = preSolution
		HideSolutionNode = FALSE
	EndGlobalSection
	GlobalSection(ExtensibilityGlobals) = postSolution
		SolutionGuid = {0BF99745-16DD-41BE-BBBC-C86D758821BF}
	EndGlobalSection
EndGlobal
